// !$*UTF8*$!
{
	archiveVersion = 1;
	classes = {
	};
	objectVersion = 52;
	objects = {

/* Begin PBXBuildFile section */
		592F958880EDC3597BCBC738 /* Pods_TresorMockupTests.framework in Frameworks */ = {isa = PBXBuildFile; fileRef = 98E1A949D0740014946527B3 /* Pods_TresorMockupTests.framework */; };
		860B1E9F21EABE60A150DAF0 /* Pods_TresorMockup.framework in Frameworks */ = {isa = PBXBuildFile; fileRef = A83711D8A1ABF7045343434A /* Pods_TresorMockup.framework */; };
		CD66B538CEA5298BF975469B /* Pods_TresorMockupUITests.framework in Frameworks */ = {isa = PBXBuildFile; fileRef = B9DA5B988DF5CAB90B280759 /* Pods_TresorMockupUITests.framework */; };
		F907FD86252A2DE20062F2FB /* SplitViewController.swift in Sources */ = {isa = PBXBuildFile; fileRef = F907FD85252A2DE20062F2FB /* SplitViewController.swift */; };
		F907FD87252A2DE20062F2FB /* SplitViewController.swift in Sources */ = {isa = PBXBuildFile; fileRef = F907FD85252A2DE20062F2FB /* SplitViewController.swift */; };
		F91A815624F288D200436F6C /* SecureStore.swift in Sources */ = {isa = PBXBuildFile; fileRef = F91A815524F288D200436F6C /* SecureStore.swift */; };
		F91A815724F288D200436F6C /* SecureStore.swift in Sources */ = {isa = PBXBuildFile; fileRef = F91A815524F288D200436F6C /* SecureStore.swift */; };
		F91A815824F288D200436F6C /* SecureStore.swift in Sources */ = {isa = PBXBuildFile; fileRef = F91A815524F288D200436F6C /* SecureStore.swift */; };
		F91A815A24F28B3900436F6C /* SecureEnclave.swift in Sources */ = {isa = PBXBuildFile; fileRef = F91A815924F28B3900436F6C /* SecureEnclave.swift */; };
		F91A815B24F28B3900436F6C /* SecureEnclave.swift in Sources */ = {isa = PBXBuildFile; fileRef = F91A815924F28B3900436F6C /* SecureEnclave.swift */; };
		F91A815C24F28B3900436F6C /* SecureEnclave.swift in Sources */ = {isa = PBXBuildFile; fileRef = F91A815924F28B3900436F6C /* SecureEnclave.swift */; };
		F920892421ECF702001F28DD /* Simulator Screen Shot - iPhone XS - 2019-01-15 at 01.57.11.png in Resources */ = {isa = PBXBuildFile; fileRef = F920892321ECF701001F28DD /* Simulator Screen Shot - iPhone XS - 2019-01-15 at 01.57.11.png */; };
		F920892621ECF782001F28DD /* Screen Shot 2019-01-15 at 1.59.33.png in Resources */ = {isa = PBXBuildFile; fileRef = F920892521ECF782001F28DD /* Screen Shot 2019-01-15 at 1.59.33.png */; };
		F92E9ADD20D411F9007EE75A /* Site+CoreDataProperties.swift in Sources */ = {isa = PBXBuildFile; fileRef = F92E9AD720D411F9007EE75A /* Site+CoreDataProperties.swift */; };
		F92E9ADE20D411F9007EE75A /* Site+CoreDataProperties.swift in Sources */ = {isa = PBXBuildFile; fileRef = F92E9AD720D411F9007EE75A /* Site+CoreDataProperties.swift */; };
		F92E9ADF20D411F9007EE75A /* Site+CoreDataProperties.swift in Sources */ = {isa = PBXBuildFile; fileRef = F92E9AD720D411F9007EE75A /* Site+CoreDataProperties.swift */; };
		F92E9AE320D411F9007EE75A /* Password+CoreDataProperties.swift in Sources */ = {isa = PBXBuildFile; fileRef = F92E9AD920D411F9007EE75A /* Password+CoreDataProperties.swift */; };
		F92E9AE420D411F9007EE75A /* Password+CoreDataProperties.swift in Sources */ = {isa = PBXBuildFile; fileRef = F92E9AD920D411F9007EE75A /* Password+CoreDataProperties.swift */; };
		F92E9AE520D411F9007EE75A /* Password+CoreDataProperties.swift in Sources */ = {isa = PBXBuildFile; fileRef = F92E9AD920D411F9007EE75A /* Password+CoreDataProperties.swift */; };
		F935B364204A284600B004B2 /* TresorMockup.xcdatamodeld in Sources */ = {isa = PBXBuildFile; fileRef = F9FE6EAA2042E99300F892DC /* TresorMockup.xcdatamodeld */; };
		F935B365204A284700B004B2 /* TresorMockup.xcdatamodeld in Sources */ = {isa = PBXBuildFile; fileRef = F9FE6EAA2042E99300F892DC /* TresorMockup.xcdatamodeld */; };
		F935B37B204A3ACA00B004B2 /* Extensions.swift in Sources */ = {isa = PBXBuildFile; fileRef = F935B37A204A3ACA00B004B2 /* Extensions.swift */; };
		F935B37C204A3ACA00B004B2 /* Extensions.swift in Sources */ = {isa = PBXBuildFile; fileRef = F935B37A204A3ACA00B004B2 /* Extensions.swift */; };
		F935B37D204A3ACA00B004B2 /* Extensions.swift in Sources */ = {isa = PBXBuildFile; fileRef = F935B37A204A3ACA00B004B2 /* Extensions.swift */; };
		F9388E0A2520C6510029D1B7 /* LocalPssword.swift in Sources */ = {isa = PBXBuildFile; fileRef = F9388E092520C6510029D1B7 /* LocalPssword.swift */; };
		F946EADB252E176F0093715E /* SettingsViewController.swift in Sources */ = {isa = PBXBuildFile; fileRef = F946EADA252E176F0093715E /* SettingsViewController.swift */; };
		F950E78320676C8600D55557 /* TextViewController.swift in Sources */ = {isa = PBXBuildFile; fileRef = F950E78220676C8600D55557 /* TextViewController.swift */; };
		F950E78420676C8600D55557 /* TextViewController.swift in Sources */ = {isa = PBXBuildFile; fileRef = F950E78220676C8600D55557 /* TextViewController.swift */; };
		F950E78520676C8600D55557 /* TextViewController.swift in Sources */ = {isa = PBXBuildFile; fileRef = F950E78220676C8600D55557 /* TextViewController.swift */; };
		F9610E1120552FEA00A97F0E /* Layouter.swift in Sources */ = {isa = PBXBuildFile; fileRef = F9610E1020552FEA00A97F0E /* Layouter.swift */; };
		F9610E1220552FEA00A97F0E /* Layouter.swift in Sources */ = {isa = PBXBuildFile; fileRef = F9610E1020552FEA00A97F0E /* Layouter.swift */; };
		F9610E1320552FEA00A97F0E /* Layouter.swift in Sources */ = {isa = PBXBuildFile; fileRef = F9610E1020552FEA00A97F0E /* Layouter.swift */; };
		F961686B24152C500084C3BB /* AuthenticationManager.swift in Sources */ = {isa = PBXBuildFile; fileRef = F961686A24152C500084C3BB /* AuthenticationManager.swift */; };
		F961686C24152C500084C3BB /* AuthenticationManager.swift in Sources */ = {isa = PBXBuildFile; fileRef = F961686A24152C500084C3BB /* AuthenticationManager.swift */; };
		F9854A1D251F296900CE61E2 /* CloudKit.framework in Frameworks */ = {isa = PBXBuildFile; fileRef = F9DB5566217DF6D7006C291E /* CloudKit.framework */; };
		F985628C20DD438400177F55 /* CoreDataManager.swift in Sources */ = {isa = PBXBuildFile; fileRef = F985628B20DD438400177F55 /* CoreDataManager.swift */; };
		F985628D20DD438400177F55 /* CoreDataManager.swift in Sources */ = {isa = PBXBuildFile; fileRef = F985628B20DD438400177F55 /* CoreDataManager.swift */; };
		F985628E20DD438400177F55 /* CoreDataManager.swift in Sources */ = {isa = PBXBuildFile; fileRef = F985628B20DD438400177F55 /* CoreDataManager.swift */; };
		F98B615B20B5CA06008E7048 /* PasswordManager.swift in Sources */ = {isa = PBXBuildFile; fileRef = F98B615A20B5CA06008E7048 /* PasswordManager.swift */; };
		F98B615C20B5CA06008E7048 /* PasswordManager.swift in Sources */ = {isa = PBXBuildFile; fileRef = F98B615A20B5CA06008E7048 /* PasswordManager.swift */; };
		F98B615D20B5CA06008E7048 /* PasswordManager.swift in Sources */ = {isa = PBXBuildFile; fileRef = F98B615A20B5CA06008E7048 /* PasswordManager.swift */; };
		F98CE01B215D34D8001AEF1A /* Podfile in Resources */ = {isa = PBXBuildFile; fileRef = F98CE01A215D34D6001AEF1A /* Podfile */; };
		F98CE01C215D34D8001AEF1A /* Podfile in Resources */ = {isa = PBXBuildFile; fileRef = F98CE01A215D34D6001AEF1A /* Podfile */; };
		F98CE01D215D34D8001AEF1A /* Podfile in Resources */ = {isa = PBXBuildFile; fileRef = F98CE01A215D34D6001AEF1A /* Podfile */; };
		F9C3C5BA20B99EFD003CFFEE /* PasswordTableViewController.swift in Sources */ = {isa = PBXBuildFile; fileRef = F9C3C5B920B99EFD003CFFEE /* PasswordTableViewController.swift */; };
		F9C3C5BB20B99EFD003CFFEE /* PasswordTableViewController.swift in Sources */ = {isa = PBXBuildFile; fileRef = F9C3C5B920B99EFD003CFFEE /* PasswordTableViewController.swift */; };
		F9C3C5BC20B99EFD003CFFEE /* PasswordTableViewController.swift in Sources */ = {isa = PBXBuildFile; fileRef = F9C3C5B920B99EFD003CFFEE /* PasswordTableViewController.swift */; };
		F9D3F353205E97F200878975 /* AppKey.swift in Sources */ = {isa = PBXBuildFile; fileRef = F9D3F352205E97F200878975 /* AppKey.swift */; };
		F9D85C86206FE11100317AFD /* AppKey.swift in Sources */ = {isa = PBXBuildFile; fileRef = F9D3F352205E97F200878975 /* AppKey.swift */; };
		F9D85C87206FE11200317AFD /* AppKey.swift in Sources */ = {isa = PBXBuildFile; fileRef = F9D3F352205E97F200878975 /* AppKey.swift */; };
		F9D85C88206FE14400317AFD /* MasterViewController.swift in Sources */ = {isa = PBXBuildFile; fileRef = F9FE6EAD2042E99300F892DC /* MasterViewController.swift */; };
		F9D85C89206FE14500317AFD /* MasterViewController.swift in Sources */ = {isa = PBXBuildFile; fileRef = F9FE6EAD2042E99300F892DC /* MasterViewController.swift */; };
		F9D85C8A206FE14F00317AFD /* AppDelegate.swift in Sources */ = {isa = PBXBuildFile; fileRef = F9FE6EA82042E99300F892DC /* AppDelegate.swift */; };
		F9D85C8B206FE14F00317AFD /* AppDelegate.swift in Sources */ = {isa = PBXBuildFile; fileRef = F9FE6EA82042E99300F892DC /* AppDelegate.swift */; };
		F9E20846204BEFDE00543C81 /* DetailViewController.swift in Sources */ = {isa = PBXBuildFile; fileRef = F9FE6EAF2042E99300F892DC /* DetailViewController.swift */; };
		F9E20847204BEFDF00543C81 /* DetailViewController.swift in Sources */ = {isa = PBXBuildFile; fileRef = F9FE6EAF2042E99300F892DC /* DetailViewController.swift */; };
		F9E20849204BF0D600543C81 /* Site.swift in Sources */ = {isa = PBXBuildFile; fileRef = F9E20848204BF0D600543C81 /* Site.swift */; };
		F9E2084A204BF0D600543C81 /* Site.swift in Sources */ = {isa = PBXBuildFile; fileRef = F9E20848204BF0D600543C81 /* Site.swift */; };
		F9E2084B204BF0D600543C81 /* Site.swift in Sources */ = {isa = PBXBuildFile; fileRef = F9E20848204BF0D600543C81 /* Site.swift */; };
		F9E2084D204BF14F00543C81 /* Password.swift in Sources */ = {isa = PBXBuildFile; fileRef = F9E2084C204BF14F00543C81 /* Password.swift */; };
		F9E2084E204BF14F00543C81 /* Password.swift in Sources */ = {isa = PBXBuildFile; fileRef = F9E2084C204BF14F00543C81 /* Password.swift */; };
		F9E2084F204BF14F00543C81 /* Password.swift in Sources */ = {isa = PBXBuildFile; fileRef = F9E2084C204BF14F00543C81 /* Password.swift */; };
		F9FE6EA92042E99300F892DC /* AppDelegate.swift in Sources */ = {isa = PBXBuildFile; fileRef = F9FE6EA82042E99300F892DC /* AppDelegate.swift */; };
		F9FE6EAC2042E99300F892DC /* TresorMockup.xcdatamodeld in Sources */ = {isa = PBXBuildFile; fileRef = F9FE6EAA2042E99300F892DC /* TresorMockup.xcdatamodeld */; };
		F9FE6EAE2042E99300F892DC /* MasterViewController.swift in Sources */ = {isa = PBXBuildFile; fileRef = F9FE6EAD2042E99300F892DC /* MasterViewController.swift */; };
		F9FE6EB02042E99300F892DC /* DetailViewController.swift in Sources */ = {isa = PBXBuildFile; fileRef = F9FE6EAF2042E99300F892DC /* DetailViewController.swift */; };
		F9FE6EB32042E99300F892DC /* Main.storyboard in Resources */ = {isa = PBXBuildFile; fileRef = F9FE6EB12042E99300F892DC /* Main.storyboard */; };
		F9FE6EB52042E99300F892DC /* Assets.xcassets in Resources */ = {isa = PBXBuildFile; fileRef = F9FE6EB42042E99300F892DC /* Assets.xcassets */; };
		F9FE6EB82042E99300F892DC /* LaunchScreen.storyboard in Resources */ = {isa = PBXBuildFile; fileRef = F9FE6EB62042E99300F892DC /* LaunchScreen.storyboard */; };
		F9FE6EC32042E99300F892DC /* TresorMockupTests.swift in Sources */ = {isa = PBXBuildFile; fileRef = F9FE6EC22042E99300F892DC /* TresorMockupTests.swift */; };
		F9FE6ECE2042E99400F892DC /* TresorMockupUITests.swift in Sources */ = {isa = PBXBuildFile; fileRef = F9FE6ECD2042E99400F892DC /* TresorMockupUITests.swift */; };
		F9FEFDAC24F102CB00D1A2FD /* Cryptor.swift in Sources */ = {isa = PBXBuildFile; fileRef = F9FEFDA824F102CA00D1A2FD /* Cryptor.swift */; };
		F9FEFDAD24F102CB00D1A2FD /* RandomData.swift in Sources */ = {isa = PBXBuildFile; fileRef = F9FEFDA924F102CA00D1A2FD /* RandomData.swift */; };
		F9FEFDAE24F102CB00D1A2FD /* CryptorCore.swift in Sources */ = {isa = PBXBuildFile; fileRef = F9FEFDAA24F102CB00D1A2FD /* CryptorCore.swift */; };
		F9FEFDAF24F102CB00D1A2FD /* AsBytes.swift in Sources */ = {isa = PBXBuildFile; fileRef = F9FEFDAB24F102CB00D1A2FD /* AsBytes.swift */; };
/* End PBXBuildFile section */

/* Begin PBXContainerItemProxy section */
		F9FE6EBF2042E99300F892DC /* PBXContainerItemProxy */ = {
			isa = PBXContainerItemProxy;
			containerPortal = F9FE6E9D2042E99300F892DC /* Project object */;
			proxyType = 1;
			remoteGlobalIDString = F9FE6EA42042E99300F892DC;
			remoteInfo = TresorMockup;
		};
		F9FE6ECA2042E99400F892DC /* PBXContainerItemProxy */ = {
			isa = PBXContainerItemProxy;
			containerPortal = F9FE6E9D2042E99300F892DC /* Project object */;
			proxyType = 1;
			remoteGlobalIDString = F9FE6EA42042E99300F892DC;
			remoteInfo = TresorMockup;
		};
/* End PBXContainerItemProxy section */

/* Begin PBXFileReference section */
		2E1393681DC1A0EC48AC2C22 /* Pods-TresorMockupUITests.debug.xcconfig */ = {isa = PBXFileReference; includeInIndex = 1; lastKnownFileType = text.xcconfig; name = "Pods-TresorMockupUITests.debug.xcconfig"; path = "Pods/Target Support Files/Pods-TresorMockupUITests/Pods-TresorMockupUITests.debug.xcconfig"; sourceTree = "<group>"; };
		2F2D36717E9F878425165EFA /* Pods-TresorMockup.debug.xcconfig */ = {isa = PBXFileReference; includeInIndex = 1; lastKnownFileType = text.xcconfig; name = "Pods-TresorMockup.debug.xcconfig"; path = "Pods/Target Support Files/Pods-TresorMockup/Pods-TresorMockup.debug.xcconfig"; sourceTree = "<group>"; };
		3E667FB1AFA1815DE62C50B0 /* Pods-TresorMockupTests.debug.xcconfig */ = {isa = PBXFileReference; includeInIndex = 1; lastKnownFileType = text.xcconfig; name = "Pods-TresorMockupTests.debug.xcconfig"; path = "Pods/Target Support Files/Pods-TresorMockupTests/Pods-TresorMockupTests.debug.xcconfig"; sourceTree = "<group>"; };
		6EE33ADCBDC6860C2AA143E0 /* Pods-TresorMockupUITests.release.xcconfig */ = {isa = PBXFileReference; includeInIndex = 1; lastKnownFileType = text.xcconfig; name = "Pods-TresorMockupUITests.release.xcconfig"; path = "Pods/Target Support Files/Pods-TresorMockupUITests/Pods-TresorMockupUITests.release.xcconfig"; sourceTree = "<group>"; };
		793C7C13C8EFCB46B0A22612 /* Pods-TresorMockup.release.xcconfig */ = {isa = PBXFileReference; includeInIndex = 1; lastKnownFileType = text.xcconfig; name = "Pods-TresorMockup.release.xcconfig"; path = "Pods/Target Support Files/Pods-TresorMockup/Pods-TresorMockup.release.xcconfig"; sourceTree = "<group>"; };
		98E1A949D0740014946527B3 /* Pods_TresorMockupTests.framework */ = {isa = PBXFileReference; explicitFileType = wrapper.framework; includeInIndex = 0; path = Pods_TresorMockupTests.framework; sourceTree = BUILT_PRODUCTS_DIR; };
		A83711D8A1ABF7045343434A /* Pods_TresorMockup.framework */ = {isa = PBXFileReference; explicitFileType = wrapper.framework; includeInIndex = 0; path = Pods_TresorMockup.framework; sourceTree = BUILT_PRODUCTS_DIR; };
		B9DA5B988DF5CAB90B280759 /* Pods_TresorMockupUITests.framework */ = {isa = PBXFileReference; explicitFileType = wrapper.framework; includeInIndex = 0; path = Pods_TresorMockupUITests.framework; sourceTree = BUILT_PRODUCTS_DIR; };
		E8044FEF4B5528D4F1AD658C /* Pods-TresorMockupTests.release.xcconfig */ = {isa = PBXFileReference; includeInIndex = 1; lastKnownFileType = text.xcconfig; name = "Pods-TresorMockupTests.release.xcconfig"; path = "Pods/Target Support Files/Pods-TresorMockupTests/Pods-TresorMockupTests.release.xcconfig"; sourceTree = "<group>"; };
		F906C49820DE5F57003DADEC /* log1.txt */ = {isa = PBXFileReference; lastKnownFileType = text; path = log1.txt; sourceTree = "<group>"; };
		F907FD85252A2DE20062F2FB /* SplitViewController.swift */ = {isa = PBXFileReference; lastKnownFileType = sourcecode.swift; path = SplitViewController.swift; sourceTree = "<group>"; };
		F91A815524F288D200436F6C /* SecureStore.swift */ = {isa = PBXFileReference; lastKnownFileType = sourcecode.swift; path = SecureStore.swift; sourceTree = "<group>"; };
		F91A815924F28B3900436F6C /* SecureEnclave.swift */ = {isa = PBXFileReference; lastKnownFileType = sourcecode.swift; path = SecureEnclave.swift; sourceTree = "<group>"; };
		F920892321ECF701001F28DD /* Simulator Screen Shot - iPhone XS - 2019-01-15 at 01.57.11.png */ = {isa = PBXFileReference; lastKnownFileType = image.png; path = "Simulator Screen Shot - iPhone XS - 2019-01-15 at 01.57.11.png"; sourceTree = "<group>"; };
		F920892521ECF782001F28DD /* Screen Shot 2019-01-15 at 1.59.33.png */ = {isa = PBXFileReference; lastKnownFileType = image.png; path = "Screen Shot 2019-01-15 at 1.59.33.png"; sourceTree = "<group>"; };
		F926350320F981C700EF7851 /* CloudKitManager.swift */ = {isa = PBXFileReference; lastKnownFileType = sourcecode.swift; path = CloudKitManager.swift; sourceTree = "<group>"; };
		F92E9AD720D411F9007EE75A /* Site+CoreDataProperties.swift */ = {isa = PBXFileReference; lastKnownFileType = sourcecode.swift; path = "Site+CoreDataProperties.swift"; sourceTree = "<group>"; };
		F92E9AD920D411F9007EE75A /* Password+CoreDataProperties.swift */ = {isa = PBXFileReference; lastKnownFileType = sourcecode.swift; path = "Password+CoreDataProperties.swift"; sourceTree = "<group>"; };
		F935B37A204A3ACA00B004B2 /* Extensions.swift */ = {isa = PBXFileReference; lastKnownFileType = sourcecode.swift; path = Extensions.swift; sourceTree = "<group>"; };
		F9388E092520C6510029D1B7 /* LocalPssword.swift */ = {isa = PBXFileReference; lastKnownFileType = sourcecode.swift; path = LocalPssword.swift; sourceTree = "<group>"; };
		F946EADA252E176F0093715E /* SettingsViewController.swift */ = {isa = PBXFileReference; lastKnownFileType = sourcecode.swift; path = SettingsViewController.swift; sourceTree = "<group>"; };
		F950E78220676C8600D55557 /* TextViewController.swift */ = {isa = PBXFileReference; lastKnownFileType = sourcecode.swift; path = TextViewController.swift; sourceTree = "<group>"; };
		F9610E1020552FEA00A97F0E /* Layouter.swift */ = {isa = PBXFileReference; lastKnownFileType = sourcecode.swift; path = Layouter.swift; sourceTree = "<group>"; };
		F961686A24152C500084C3BB /* AuthenticationManager.swift */ = {isa = PBXFileReference; lastKnownFileType = sourcecode.swift; path = AuthenticationManager.swift; sourceTree = "<group>"; };
		F966B63F253C9B55003904A3 /* URLs.csv */ = {isa = PBXFileReference; lastKnownFileType = text; path = URLs.csv; sourceTree = "<group>"; };
		F985628B20DD438400177F55 /* CoreDataManager.swift */ = {isa = PBXFileReference; lastKnownFileType = sourcecode.swift; path = CoreDataManager.swift; sourceTree = "<group>"; };
		F98B615A20B5CA06008E7048 /* PasswordManager.swift */ = {isa = PBXFileReference; lastKnownFileType = sourcecode.swift; path = PasswordManager.swift; sourceTree = "<group>"; };
		F98CE01A215D34D6001AEF1A /* Podfile */ = {isa = PBXFileReference; fileEncoding = 4; lastKnownFileType = text; path = Podfile; sourceTree = SOURCE_ROOT; xcLanguageSpecificationIdentifier = xcode.lang.ruby; };
		F9C3C5B920B99EFD003CFFEE /* PasswordTableViewController.swift */ = {isa = PBXFileReference; lastKnownFileType = sourcecode.swift; path = PasswordTableViewController.swift; sourceTree = "<group>"; };
		F9D3F352205E97F200878975 /* AppKey.swift */ = {isa = PBXFileReference; lastKnownFileType = sourcecode.swift; path = AppKey.swift; sourceTree = "<group>"; };
		F9DB5566217DF6D7006C291E /* CloudKit.framework */ = {isa = PBXFileReference; lastKnownFileType = wrapper.framework; name = CloudKit.framework; path = System/Library/Frameworks/CloudKit.framework; sourceTree = SDKROOT; };
		F9E20848204BF0D600543C81 /* Site.swift */ = {isa = PBXFileReference; lastKnownFileType = sourcecode.swift; path = Site.swift; sourceTree = "<group>"; };
		F9E2084C204BF14F00543C81 /* Password.swift */ = {isa = PBXFileReference; lastKnownFileType = sourcecode.swift; path = Password.swift; sourceTree = "<group>"; };
		F9FB81C1251A65D10024361A /* log2.txt */ = {isa = PBXFileReference; lastKnownFileType = text; path = log2.txt; sourceTree = "<group>"; };
		F9FE6EA52042E99300F892DC /* TresorMockup.app */ = {isa = PBXFileReference; explicitFileType = wrapper.application; includeInIndex = 0; path = TresorMockup.app; sourceTree = BUILT_PRODUCTS_DIR; };
		F9FE6EA82042E99300F892DC /* AppDelegate.swift */ = {isa = PBXFileReference; lastKnownFileType = sourcecode.swift; path = AppDelegate.swift; sourceTree = "<group>"; };
		F9FE6EAB2042E99300F892DC /* TresorMockup.xcdatamodel */ = {isa = PBXFileReference; lastKnownFileType = wrapper.xcdatamodel; path = TresorMockup.xcdatamodel; sourceTree = "<group>"; };
		F9FE6EAD2042E99300F892DC /* MasterViewController.swift */ = {isa = PBXFileReference; lastKnownFileType = sourcecode.swift; path = MasterViewController.swift; sourceTree = "<group>"; };
		F9FE6EAF2042E99300F892DC /* DetailViewController.swift */ = {isa = PBXFileReference; lastKnownFileType = sourcecode.swift; path = DetailViewController.swift; sourceTree = "<group>"; };
		F9FE6EB22042E99300F892DC /* Base */ = {isa = PBXFileReference; lastKnownFileType = file.storyboard; name = Base; path = Base.lproj/Main.storyboard; sourceTree = "<group>"; };
		F9FE6EB42042E99300F892DC /* Assets.xcassets */ = {isa = PBXFileReference; lastKnownFileType = folder.assetcatalog; path = Assets.xcassets; sourceTree = "<group>"; };
		F9FE6EB72042E99300F892DC /* Base */ = {isa = PBXFileReference; lastKnownFileType = file.storyboard; name = Base; path = Base.lproj/LaunchScreen.storyboard; sourceTree = "<group>"; };
		F9FE6EB92042E99300F892DC /* Info.plist */ = {isa = PBXFileReference; lastKnownFileType = text.plist.xml; path = Info.plist; sourceTree = "<group>"; };
		F9FE6EBE2042E99300F892DC /* TresorMockupTests.xctest */ = {isa = PBXFileReference; explicitFileType = wrapper.cfbundle; includeInIndex = 0; path = TresorMockupTests.xctest; sourceTree = BUILT_PRODUCTS_DIR; };
		F9FE6EC22042E99300F892DC /* TresorMockupTests.swift */ = {isa = PBXFileReference; lastKnownFileType = sourcecode.swift; path = TresorMockupTests.swift; sourceTree = "<group>"; };
		F9FE6EC42042E99400F892DC /* Info.plist */ = {isa = PBXFileReference; lastKnownFileType = text.plist.xml; path = Info.plist; sourceTree = "<group>"; };
		F9FE6EC92042E99400F892DC /* TresorMockupUITests.xctest */ = {isa = PBXFileReference; explicitFileType = wrapper.cfbundle; includeInIndex = 0; path = TresorMockupUITests.xctest; sourceTree = BUILT_PRODUCTS_DIR; };
		F9FE6ECD2042E99400F892DC /* TresorMockupUITests.swift */ = {isa = PBXFileReference; lastKnownFileType = sourcecode.swift; path = TresorMockupUITests.swift; sourceTree = "<group>"; };
		F9FE6ECF2042E99400F892DC /* Info.plist */ = {isa = PBXFileReference; lastKnownFileType = text.plist.xml; path = Info.plist; sourceTree = "<group>"; };
		F9FE6EDB2042E9A100F892DC /* TresorMockup.entitlements */ = {isa = PBXFileReference; lastKnownFileType = text.plist.entitlements; path = TresorMockup.entitlements; sourceTree = "<group>"; };
		F9FEFDA824F102CA00D1A2FD /* Cryptor.swift */ = {isa = PBXFileReference; fileEncoding = 4; lastKnownFileType = sourcecode.swift; path = Cryptor.swift; sourceTree = "<group>"; };
		F9FEFDA924F102CA00D1A2FD /* RandomData.swift */ = {isa = PBXFileReference; fileEncoding = 4; lastKnownFileType = sourcecode.swift; path = RandomData.swift; sourceTree = "<group>"; };
		F9FEFDAA24F102CB00D1A2FD /* CryptorCore.swift */ = {isa = PBXFileReference; fileEncoding = 4; lastKnownFileType = sourcecode.swift; path = CryptorCore.swift; sourceTree = "<group>"; };
		F9FEFDAB24F102CB00D1A2FD /* AsBytes.swift */ = {isa = PBXFileReference; fileEncoding = 4; lastKnownFileType = sourcecode.swift; path = AsBytes.swift; sourceTree = "<group>"; };
		F9FEFDB024F16E9600D1A2FD /* File.swift */ = {isa = PBXFileReference; lastKnownFileType = sourcecode.swift; path = File.swift; sourceTree = "<group>"; };
/* End PBXFileReference section */

/* Begin PBXFrameworksBuildPhase section */
		F9FE6EA22042E99300F892DC /* Frameworks */ = {
			isa = PBXFrameworksBuildPhase;
			buildActionMask = 2147483647;
			files = (
				860B1E9F21EABE60A150DAF0 /* Pods_TresorMockup.framework in Frameworks */,
				F9854A1D251F296900CE61E2 /* CloudKit.framework in Frameworks */,
			);
			runOnlyForDeploymentPostprocessing = 0;
		};
		F9FE6EBB2042E99300F892DC /* Frameworks */ = {
			isa = PBXFrameworksBuildPhase;
			buildActionMask = 2147483647;
			files = (
				592F958880EDC3597BCBC738 /* Pods_TresorMockupTests.framework in Frameworks */,
			);
			runOnlyForDeploymentPostprocessing = 0;
		};
		F9FE6EC62042E99400F892DC /* Frameworks */ = {
			isa = PBXFrameworksBuildPhase;
			buildActionMask = 2147483647;
			files = (
				CD66B538CEA5298BF975469B /* Pods_TresorMockupUITests.framework in Frameworks */,
			);
			runOnlyForDeploymentPostprocessing = 0;
		};
/* End PBXFrameworksBuildPhase section */

/* Begin PBXGroup section */
		F574FF705EC802C60A943915 /* Pods */ = {
			isa = PBXGroup;
			children = (
				2F2D36717E9F878425165EFA /* Pods-TresorMockup.debug.xcconfig */,
				793C7C13C8EFCB46B0A22612 /* Pods-TresorMockup.release.xcconfig */,
				3E667FB1AFA1815DE62C50B0 /* Pods-TresorMockupTests.debug.xcconfig */,
				E8044FEF4B5528D4F1AD658C /* Pods-TresorMockupTests.release.xcconfig */,
				2E1393681DC1A0EC48AC2C22 /* Pods-TresorMockupUITests.debug.xcconfig */,
				6EE33ADCBDC6860C2AA143E0 /* Pods-TresorMockupUITests.release.xcconfig */,
			);
			name = Pods;
			sourceTree = "<group>";
		};
		F90921F1230673E800F9FD35 /* old */ = {
			isa = PBXGroup;
			children = (
				F926350320F981C700EF7851 /* CloudKitManager.swift */,
			);
			path = old;
			sourceTree = "<group>";
		};
		F9E45C4C21E507F80060D4DC /* ScreenShot */ = {
			isa = PBXGroup;
			children = (
				F920892321ECF701001F28DD /* Simulator Screen Shot - iPhone XS - 2019-01-15 at 01.57.11.png */,
				F920892521ECF782001F28DD /* Screen Shot 2019-01-15 at 1.59.33.png */,
			);
			path = ScreenShot;
			sourceTree = "<group>";
		};
		F9F6AE6424F00BF800F70204 /* Cryptor */ = {
			isa = PBXGroup;
			children = (
				F9FEFDAB24F102CB00D1A2FD /* AsBytes.swift */,
				F9FEFDA824F102CA00D1A2FD /* Cryptor.swift */,
				F9FEFDAA24F102CB00D1A2FD /* CryptorCore.swift */,
				F9388E092520C6510029D1B7 /* LocalPssword.swift */,
				F9FEFDA924F102CA00D1A2FD /* RandomData.swift */,
				F91A815524F288D200436F6C /* SecureStore.swift */,
				F91A815924F28B3900436F6C /* SecureEnclave.swift */,
				F961686A24152C500084C3BB /* AuthenticationManager.swift */,
			);
			path = Cryptor;
			sourceTree = "<group>";
		};
		F9FE6E9C2042E99300F892DC = {
			isa = PBXGroup;
			children = (
				F9FE6EA72042E99300F892DC /* TresorMockup */,
				F9FE6EC12042E99300F892DC /* TresorMockupTests */,
				F9FE6ECC2042E99400F892DC /* TresorMockupUITests */,
				F9FE6EA62042E99300F892DC /* Products */,
				F9FE6EDC2042EB1600F892DC /* Frameworks */,
				F574FF705EC802C60A943915 /* Pods */,
			);
			sourceTree = "<group>";
		};
		F9FE6EA62042E99300F892DC /* Products */ = {
			isa = PBXGroup;
			children = (
				F9FE6EA52042E99300F892DC /* TresorMockup.app */,
				F9FE6EBE2042E99300F892DC /* TresorMockupTests.xctest */,
				F9FE6EC92042E99400F892DC /* TresorMockupUITests.xctest */,
			);
			name = Products;
			sourceTree = "<group>";
		};
		F9FE6EA72042E99300F892DC /* TresorMockup */ = {
			isa = PBXGroup;
			children = (
				F9F6AE6424F00BF800F70204 /* Cryptor */,
				F90921F1230673E800F9FD35 /* old */,
				F9E45C4C21E507F80060D4DC /* ScreenShot */,
				F98CE01A215D34D6001AEF1A /* Podfile */,
				F9FEFDB024F16E9600D1A2FD /* File.swift */,
				F9FE6EDB2042E9A100F892DC /* TresorMockup.entitlements */,
				F9FE6EB92042E99300F892DC /* Info.plist */,
				F9FE6EA82042E99300F892DC /* AppDelegate.swift */,
				F907FD85252A2DE20062F2FB /* SplitViewController.swift */,
				F9D3F352205E97F200878975 /* AppKey.swift */,
				F985628B20DD438400177F55 /* CoreDataManager.swift */,
				F9FE6EAF2042E99300F892DC /* DetailViewController.swift */,
				F935B37A204A3ACA00B004B2 /* Extensions.swift */,
				F9610E1020552FEA00A97F0E /* Layouter.swift */,
				F9FE6EAD2042E99300F892DC /* MasterViewController.swift */,
				F9E2084C204BF14F00543C81 /* Password.swift */,
				F92E9AD920D411F9007EE75A /* Password+CoreDataProperties.swift */,
				F98B615A20B5CA06008E7048 /* PasswordManager.swift */,
				F9C3C5B920B99EFD003CFFEE /* PasswordTableViewController.swift */,
				F9E20848204BF0D600543C81 /* Site.swift */,
				F92E9AD720D411F9007EE75A /* Site+CoreDataProperties.swift */,
				F966B63F253C9B55003904A3 /* URLs.csv */,
				F950E78220676C8600D55557 /* TextViewController.swift */,
				F906C49820DE5F57003DADEC /* log1.txt */,
				F9FB81C1251A65D10024361A /* log2.txt */,
				F946EADA252E176F0093715E /* SettingsViewController.swift */,
				F9FE6EB42042E99300F892DC /* Assets.xcassets */,
				F9FE6EB62042E99300F892DC /* LaunchScreen.storyboard */,
				F9FE6EB12042E99300F892DC /* Main.storyboard */,
				F9FE6EAA2042E99300F892DC /* TresorMockup.xcdatamodeld */,
			);
			path = TresorMockup;
			sourceTree = "<group>";
		};
		F9FE6EC12042E99300F892DC /* TresorMockupTests */ = {
			isa = PBXGroup;
			children = (
				F9FE6EC22042E99300F892DC /* TresorMockupTests.swift */,
				F9FE6EC42042E99400F892DC /* Info.plist */,
			);
			path = TresorMockupTests;
			sourceTree = "<group>";
		};
		F9FE6ECC2042E99400F892DC /* TresorMockupUITests */ = {
			isa = PBXGroup;
			children = (
				F9FE6ECD2042E99400F892DC /* TresorMockupUITests.swift */,
				F9FE6ECF2042E99400F892DC /* Info.plist */,
			);
			path = TresorMockupUITests;
			sourceTree = "<group>";
		};
		F9FE6EDC2042EB1600F892DC /* Frameworks */ = {
			isa = PBXGroup;
			children = (
				F9DB5566217DF6D7006C291E /* CloudKit.framework */,
				A83711D8A1ABF7045343434A /* Pods_TresorMockup.framework */,
				98E1A949D0740014946527B3 /* Pods_TresorMockupTests.framework */,
				B9DA5B988DF5CAB90B280759 /* Pods_TresorMockupUITests.framework */,
			);
			name = Frameworks;
			sourceTree = "<group>";
		};
/* End PBXGroup section */

/* Begin PBXNativeTarget section */
		F9FE6EA42042E99300F892DC /* TresorMockup */ = {
			isa = PBXNativeTarget;
			buildConfigurationList = F9FE6ED22042E99400F892DC /* Build configuration list for PBXNativeTarget "TresorMockup" */;
			buildPhases = (
				2A77562F7E69320ECF0578B0 /* [CP] Check Pods Manifest.lock */,
				F9FE6EA12042E99300F892DC /* Sources */,
				F9FE6EA22042E99300F892DC /* Frameworks */,
				F9FE6EA32042E99300F892DC /* Resources */,
				79B9FD2C0652AC99C5578CC4 /* [CP] Embed Pods Frameworks */,
			);
			buildRules = (
			);
			dependencies = (
			);
			name = TresorMockup;
			productName = TresorMockup;
			productReference = F9FE6EA52042E99300F892DC /* TresorMockup.app */;
			productType = "com.apple.product-type.application";
		};
		F9FE6EBD2042E99300F892DC /* TresorMockupTests */ = {
			isa = PBXNativeTarget;
			buildConfigurationList = F9FE6ED52042E99400F892DC /* Build configuration list for PBXNativeTarget "TresorMockupTests" */;
			buildPhases = (
				202C9743F98FBD619514BB40 /* [CP] Check Pods Manifest.lock */,
				F9FE6EBA2042E99300F892DC /* Sources */,
				F9FE6EBB2042E99300F892DC /* Frameworks */,
				F9FE6EBC2042E99300F892DC /* Resources */,
			);
			buildRules = (
			);
			dependencies = (
				F9FE6EC02042E99300F892DC /* PBXTargetDependency */,
			);
			name = TresorMockupTests;
			productName = TresorMockupTests;
			productReference = F9FE6EBE2042E99300F892DC /* TresorMockupTests.xctest */;
			productType = "com.apple.product-type.bundle.unit-test";
		};
		F9FE6EC82042E99400F892DC /* TresorMockupUITests */ = {
			isa = PBXNativeTarget;
			buildConfigurationList = F9FE6ED82042E99400F892DC /* Build configuration list for PBXNativeTarget "TresorMockupUITests" */;
			buildPhases = (
				48773F873670394C19927D63 /* [CP] Check Pods Manifest.lock */,
				F9FE6EC52042E99400F892DC /* Sources */,
				F9FE6EC62042E99400F892DC /* Frameworks */,
				F9FE6EC72042E99400F892DC /* Resources */,
			);
			buildRules = (
			);
			dependencies = (
				F9FE6ECB2042E99400F892DC /* PBXTargetDependency */,
			);
			name = TresorMockupUITests;
			productName = TresorMockupUITests;
			productReference = F9FE6EC92042E99400F892DC /* TresorMockupUITests.xctest */;
			productType = "com.apple.product-type.bundle.ui-testing";
		};
/* End PBXNativeTarget section */

/* Begin PBXProject section */
		F9FE6E9D2042E99300F892DC /* Project object */ = {
			isa = PBXProject;
			attributes = {
				LastSwiftUpdateCheck = 0920;
				LastUpgradeCheck = 1200;
				ORGANIZATIONNAME = "OKU Junichirou";
				TargetAttributes = {
					F9FE6EA42042E99300F892DC = {
						CreatedOnToolsVersion = 9.2;
						LastSwiftMigration = 1020;
						SystemCapabilities = {
							com.apple.BackgroundModes = {
								enabled = 1;
							};
							com.apple.DataProtection = {
								enabled = 0;
							};
							com.apple.Keychain = {
								enabled = 0;
							};
							com.apple.Push = {
								enabled = 1;
							};
							com.apple.iCloud = {
								enabled = 1;
							};
						};
					};
					F9FE6EBD2042E99300F892DC = {
						CreatedOnToolsVersion = 9.2;
						LastSwiftMigration = 1000;
						ProvisioningStyle = Automatic;
						TestTargetID = F9FE6EA42042E99300F892DC;
					};
					F9FE6EC82042E99400F892DC = {
						CreatedOnToolsVersion = 9.2;
						LastSwiftMigration = 1000;
						ProvisioningStyle = Automatic;
						TestTargetID = F9FE6EA42042E99300F892DC;
					};
				};
			};
			buildConfigurationList = F9FE6EA02042E99300F892DC /* Build configuration list for PBXProject "TresorMockup" */;
			compatibilityVersion = "Xcode 11.0";
			developmentRegion = en;
			hasScannedForEncodings = 0;
			knownRegions = (
				en,
				Base,
			);
			mainGroup = F9FE6E9C2042E99300F892DC;
			productRefGroup = F9FE6EA62042E99300F892DC /* Products */;
			projectDirPath = "";
			projectRoot = "";
			targets = (
				F9FE6EA42042E99300F892DC /* TresorMockup */,
				F9FE6EBD2042E99300F892DC /* TresorMockupTests */,
				F9FE6EC82042E99400F892DC /* TresorMockupUITests */,
			);
		};
/* End PBXProject section */

/* Begin PBXResourcesBuildPhase section */
		F9FE6EA32042E99300F892DC /* Resources */ = {
			isa = PBXResourcesBuildPhase;
			buildActionMask = 2147483647;
			files = (
				F98CE01B215D34D8001AEF1A /* Podfile in Resources */,
				F920892621ECF782001F28DD /* Screen Shot 2019-01-15 at 1.59.33.png in Resources */,
				F9FE6EB82042E99300F892DC /* LaunchScreen.storyboard in Resources */,
				F920892421ECF702001F28DD /* Simulator Screen Shot - iPhone XS - 2019-01-15 at 01.57.11.png in Resources */,
				F9FE6EB52042E99300F892DC /* Assets.xcassets in Resources */,
				F9FE6EB32042E99300F892DC /* Main.storyboard in Resources */,
			);
			runOnlyForDeploymentPostprocessing = 0;
		};
		F9FE6EBC2042E99300F892DC /* Resources */ = {
			isa = PBXResourcesBuildPhase;
			buildActionMask = 2147483647;
			files = (
				F98CE01C215D34D8001AEF1A /* Podfile in Resources */,
			);
			runOnlyForDeploymentPostprocessing = 0;
		};
		F9FE6EC72042E99400F892DC /* Resources */ = {
			isa = PBXResourcesBuildPhase;
			buildActionMask = 2147483647;
			files = (
				F98CE01D215D34D8001AEF1A /* Podfile in Resources */,
			);
			runOnlyForDeploymentPostprocessing = 0;
		};
/* End PBXResourcesBuildPhase section */

/* Begin PBXShellScriptBuildPhase section */
		202C9743F98FBD619514BB40 /* [CP] Check Pods Manifest.lock */ = {
			isa = PBXShellScriptBuildPhase;
			buildActionMask = 2147483647;
			files = (
			);
			inputPaths = (
				"${PODS_PODFILE_DIR_PATH}/Podfile.lock",
				"${PODS_ROOT}/Manifest.lock",
			);
			name = "[CP] Check Pods Manifest.lock";
			outputPaths = (
				"$(DERIVED_FILE_DIR)/Pods-TresorMockupTests-checkManifestLockResult.txt",
			);
			runOnlyForDeploymentPostprocessing = 0;
			shellPath = /bin/sh;
			shellScript = "diff \"${PODS_PODFILE_DIR_PATH}/Podfile.lock\" \"${PODS_ROOT}/Manifest.lock\" > /dev/null\nif [ $? != 0 ] ; then\n    # print error to STDERR\n    echo \"error: The sandbox is not in sync with the Podfile.lock. Run 'pod install' or update your CocoaPods installation.\" >&2\n    exit 1\nfi\n# This output is used by Xcode 'outputs' to avoid re-running this script phase.\necho \"SUCCESS\" > \"${SCRIPT_OUTPUT_FILE_0}\"\n";
			showEnvVarsInLog = 0;
		};
		2A77562F7E69320ECF0578B0 /* [CP] Check Pods Manifest.lock */ = {
			isa = PBXShellScriptBuildPhase;
			buildActionMask = 2147483647;
			files = (
			);
			inputPaths = (
				"${PODS_PODFILE_DIR_PATH}/Podfile.lock",
				"${PODS_ROOT}/Manifest.lock",
			);
			name = "[CP] Check Pods Manifest.lock";
			outputPaths = (
				"$(DERIVED_FILE_DIR)/Pods-TresorMockup-checkManifestLockResult.txt",
			);
			runOnlyForDeploymentPostprocessing = 0;
			shellPath = /bin/sh;
			shellScript = "diff \"${PODS_PODFILE_DIR_PATH}/Podfile.lock\" \"${PODS_ROOT}/Manifest.lock\" > /dev/null\nif [ $? != 0 ] ; then\n    # print error to STDERR\n    echo \"error: The sandbox is not in sync with the Podfile.lock. Run 'pod install' or update your CocoaPods installation.\" >&2\n    exit 1\nfi\n# This output is used by Xcode 'outputs' to avoid re-running this script phase.\necho \"SUCCESS\" > \"${SCRIPT_OUTPUT_FILE_0}\"\n";
			showEnvVarsInLog = 0;
		};
		48773F873670394C19927D63 /* [CP] Check Pods Manifest.lock */ = {
			isa = PBXShellScriptBuildPhase;
			buildActionMask = 2147483647;
			files = (
			);
			inputPaths = (
				"${PODS_PODFILE_DIR_PATH}/Podfile.lock",
				"${PODS_ROOT}/Manifest.lock",
			);
			name = "[CP] Check Pods Manifest.lock";
			outputPaths = (
				"$(DERIVED_FILE_DIR)/Pods-TresorMockupUITests-checkManifestLockResult.txt",
			);
			runOnlyForDeploymentPostprocessing = 0;
			shellPath = /bin/sh;
			shellScript = "diff \"${PODS_PODFILE_DIR_PATH}/Podfile.lock\" \"${PODS_ROOT}/Manifest.lock\" > /dev/null\nif [ $? != 0 ] ; then\n    # print error to STDERR\n    echo \"error: The sandbox is not in sync with the Podfile.lock. Run 'pod install' or update your CocoaPods installation.\" >&2\n    exit 1\nfi\n# This output is used by Xcode 'outputs' to avoid re-running this script phase.\necho \"SUCCESS\" > \"${SCRIPT_OUTPUT_FILE_0}\"\n";
			showEnvVarsInLog = 0;
		};
		79B9FD2C0652AC99C5578CC4 /* [CP] Embed Pods Frameworks */ = {
			isa = PBXShellScriptBuildPhase;
			buildActionMask = 2147483647;
			files = (
			);
			inputFileListPaths = (
				"${PODS_ROOT}/Target Support Files/Pods-TresorMockup/Pods-TresorMockup-frameworks-${CONFIGURATION}-input-files.xcfilelist",
			);
			name = "[CP] Embed Pods Frameworks";
			outputFileListPaths = (
				"${PODS_ROOT}/Target Support Files/Pods-TresorMockup/Pods-TresorMockup-frameworks-${CONFIGURATION}-output-files.xcfilelist",
			);
			runOnlyForDeploymentPostprocessing = 0;
			shellPath = /bin/sh;
			shellScript = "\"${PODS_ROOT}/Target Support Files/Pods-TresorMockup/Pods-TresorMockup-frameworks.sh\"\n";
			showEnvVarsInLog = 0;
		};
/* End PBXShellScriptBuildPhase section */

/* Begin PBXSourcesBuildPhase section */
		F9FE6EA12042E99300F892DC /* Sources */ = {
			isa = PBXSourcesBuildPhase;
			buildActionMask = 2147483647;
			files = (
				F9610E1120552FEA00A97F0E /* Layouter.swift in Sources */,
				F9D3F353205E97F200878975 /* AppKey.swift in Sources */,
				F9FEFDAF24F102CB00D1A2FD /* AsBytes.swift in Sources */,
				F9E20849204BF0D600543C81 /* Site.swift in Sources */,
				F91A815624F288D200436F6C /* SecureStore.swift in Sources */,
				F961686B24152C500084C3BB /* AuthenticationManager.swift in Sources */,
				F9FE6EA92042E99300F892DC /* AppDelegate.swift in Sources */,
				F985628C20DD438400177F55 /* CoreDataManager.swift in Sources */,
				F946EADB252E176F0093715E /* SettingsViewController.swift in Sources */,
				F91A815A24F28B3900436F6C /* SecureEnclave.swift in Sources */,
				F9FEFDAD24F102CB00D1A2FD /* RandomData.swift in Sources */,
				F9E2084D204BF14F00543C81 /* Password.swift in Sources */,
				F9FEFDAE24F102CB00D1A2FD /* CryptorCore.swift in Sources */,
				F9388E0A2520C6510029D1B7 /* LocalPssword.swift in Sources */,
				F9FEFDAC24F102CB00D1A2FD /* Cryptor.swift in Sources */,
				F9C3C5BA20B99EFD003CFFEE /* PasswordTableViewController.swift in Sources */,
				F92E9AE320D411F9007EE75A /* Password+CoreDataProperties.swift in Sources */,
				F935B37B204A3ACA00B004B2 /* Extensions.swift in Sources */,
				F92E9ADD20D411F9007EE75A /* Site+CoreDataProperties.swift in Sources */,
				F9FE6EAC2042E99300F892DC /* TresorMockup.xcdatamodeld in Sources */,
				F9FE6EAE2042E99300F892DC /* MasterViewController.swift in Sources */,
				F9FE6EB02042E99300F892DC /* DetailViewController.swift in Sources */,
				F950E78320676C8600D55557 /* TextViewController.swift in Sources */,
				F98B615B20B5CA06008E7048 /* PasswordManager.swift in Sources */,
				F907FD86252A2DE20062F2FB /* SplitViewController.swift in Sources */,
			);
			runOnlyForDeploymentPostprocessing = 0;
		};
		F9FE6EBA2042E99300F892DC /* Sources */ = {
			isa = PBXSourcesBuildPhase;
			buildActionMask = 2147483647;
			files = (
				F91A815724F288D200436F6C /* SecureStore.swift in Sources */,
				F98B615C20B5CA06008E7048 /* PasswordManager.swift in Sources */,
				F935B37C204A3ACA00B004B2 /* Extensions.swift in Sources */,
				F9E20846204BEFDE00543C81 /* DetailViewController.swift in Sources */,
				F935B364204A284600B004B2 /* TresorMockup.xcdatamodeld in Sources */,
				F9E2084E204BF14F00543C81 /* Password.swift in Sources */,
				F9D85C86206FE11100317AFD /* AppKey.swift in Sources */,
				F91A815B24F28B3900436F6C /* SecureEnclave.swift in Sources */,
				F985628D20DD438400177F55 /* CoreDataManager.swift in Sources */,
				F92E9AE420D411F9007EE75A /* Password+CoreDataProperties.swift in Sources */,
				F9E2084A204BF0D600543C81 /* Site.swift in Sources */,
				F950E78420676C8600D55557 /* TextViewController.swift in Sources */,
				F9610E1220552FEA00A97F0E /* Layouter.swift in Sources */,
				F9D85C8A206FE14F00317AFD /* AppDelegate.swift in Sources */,
				F9D85C88206FE14400317AFD /* MasterViewController.swift in Sources */,
				F9C3C5BB20B99EFD003CFFEE /* PasswordTableViewController.swift in Sources */,
				F92E9ADE20D411F9007EE75A /* Site+CoreDataProperties.swift in Sources */,
				F9FE6EC32042E99300F892DC /* TresorMockupTests.swift in Sources */,
			);
			runOnlyForDeploymentPostprocessing = 0;
		};
		F9FE6EC52042E99400F892DC /* Sources */ = {
			isa = PBXSourcesBuildPhase;
			buildActionMask = 2147483647;
			files = (
				F98B615D20B5CA06008E7048 /* PasswordManager.swift in Sources */,
				F935B37D204A3ACA00B004B2 /* Extensions.swift in Sources */,
				F91A815824F288D200436F6C /* SecureStore.swift in Sources */,
				F9E20847204BEFDF00543C81 /* DetailViewController.swift in Sources */,
				F935B365204A284700B004B2 /* TresorMockup.xcdatamodeld in Sources */,
				F91A815C24F28B3900436F6C /* SecureEnclave.swift in Sources */,
				F961686C24152C500084C3BB /* AuthenticationManager.swift in Sources */,
				F9E2084F204BF14F00543C81 /* Password.swift in Sources */,
				F9D85C87206FE11200317AFD /* AppKey.swift in Sources */,
				F985628E20DD438400177F55 /* CoreDataManager.swift in Sources */,
				F92E9AE520D411F9007EE75A /* Password+CoreDataProperties.swift in Sources */,
				F9E2084B204BF0D600543C81 /* Site.swift in Sources */,
				F950E78520676C8600D55557 /* TextViewController.swift in Sources */,
				F9610E1320552FEA00A97F0E /* Layouter.swift in Sources */,
				F9D85C8B206FE14F00317AFD /* AppDelegate.swift in Sources */,
				F907FD87252A2DE20062F2FB /* SplitViewController.swift in Sources */,
				F9D85C89206FE14500317AFD /* MasterViewController.swift in Sources */,
				F9C3C5BC20B99EFD003CFFEE /* PasswordTableViewController.swift in Sources */,
				F92E9ADF20D411F9007EE75A /* Site+CoreDataProperties.swift in Sources */,
				F9FE6ECE2042E99400F892DC /* TresorMockupUITests.swift in Sources */,
			);
			runOnlyForDeploymentPostprocessing = 0;
		};
/* End PBXSourcesBuildPhase section */

/* Begin PBXTargetDependency section */
		F9FE6EC02042E99300F892DC /* PBXTargetDependency */ = {
			isa = PBXTargetDependency;
			target = F9FE6EA42042E99300F892DC /* TresorMockup */;
			targetProxy = F9FE6EBF2042E99300F892DC /* PBXContainerItemProxy */;
		};
		F9FE6ECB2042E99400F892DC /* PBXTargetDependency */ = {
			isa = PBXTargetDependency;
			target = F9FE6EA42042E99300F892DC /* TresorMockup */;
			targetProxy = F9FE6ECA2042E99400F892DC /* PBXContainerItemProxy */;
		};
/* End PBXTargetDependency section */

/* Begin PBXVariantGroup section */
		F9FE6EB12042E99300F892DC /* Main.storyboard */ = {
			isa = PBXVariantGroup;
			children = (
				F9FE6EB22042E99300F892DC /* Base */,
			);
			name = Main.storyboard;
			sourceTree = "<group>";
		};
		F9FE6EB62042E99300F892DC /* LaunchScreen.storyboard */ = {
			isa = PBXVariantGroup;
			children = (
				F9FE6EB72042E99300F892DC /* Base */,
			);
			name = LaunchScreen.storyboard;
			sourceTree = "<group>";
		};
/* End PBXVariantGroup section */

/* Begin XCBuildConfiguration section */
		F9FE6ED02042E99400F892DC /* Debug */ = {
			isa = XCBuildConfiguration;
			buildSettings = {
				ALWAYS_SEARCH_USER_PATHS = NO;
				CLANG_ANALYZER_NONNULL = YES;
				CLANG_ANALYZER_NUMBER_OBJECT_CONVERSION = YES_AGGRESSIVE;
				CLANG_CXX_LANGUAGE_STANDARD = "gnu++14";
				CLANG_CXX_LIBRARY = "libc++";
				CLANG_ENABLE_MODULES = YES;
				CLANG_ENABLE_OBJC_ARC = YES;
				CLANG_WARN_BLOCK_CAPTURE_AUTORELEASING = YES;
				CLANG_WARN_BOOL_CONVERSION = YES;
				CLANG_WARN_COMMA = YES;
				CLANG_WARN_CONSTANT_CONVERSION = YES;
				CLANG_WARN_DEPRECATED_OBJC_IMPLEMENTATIONS = YES;
				CLANG_WARN_DIRECT_OBJC_ISA_USAGE = YES_ERROR;
				CLANG_WARN_DOCUMENTATION_COMMENTS = YES;
				CLANG_WARN_EMPTY_BODY = YES;
				CLANG_WARN_ENUM_CONVERSION = YES;
				CLANG_WARN_INFINITE_RECURSION = YES;
				CLANG_WARN_INT_CONVERSION = YES;
				CLANG_WARN_NON_LITERAL_NULL_CONVERSION = YES;
				CLANG_WARN_OBJC_IMPLICIT_RETAIN_SELF = YES;
				CLANG_WARN_OBJC_LITERAL_CONVERSION = YES;
				CLANG_WARN_OBJC_ROOT_CLASS = YES_ERROR;
				CLANG_WARN_QUOTED_INCLUDE_IN_FRAMEWORK_HEADER = YES;
				CLANG_WARN_RANGE_LOOP_ANALYSIS = YES;
				CLANG_WARN_STRICT_PROTOTYPES = YES;
				CLANG_WARN_SUSPICIOUS_MOVE = YES;
				CLANG_WARN_UNGUARDED_AVAILABILITY = YES_AGGRESSIVE;
				CLANG_WARN_UNREACHABLE_CODE = YES;
				CLANG_WARN__DUPLICATE_METHOD_MATCH = YES;
				CODE_SIGN_IDENTITY = "iPhone Developer";
				COPY_PHASE_STRIP = NO;
				DEBUG_INFORMATION_FORMAT = dwarf;
				ENABLE_STRICT_OBJC_MSGSEND = YES;
				ENABLE_TESTABILITY = YES;
				GCC_C_LANGUAGE_STANDARD = gnu11;
				GCC_DYNAMIC_NO_PIC = NO;
				GCC_NO_COMMON_BLOCKS = YES;
				GCC_OPTIMIZATION_LEVEL = 0;
				GCC_PREPROCESSOR_DEFINITIONS = (
					"DEBUG=1",
					"$(inherited)",
				);
				GCC_WARN_64_TO_32_BIT_CONVERSION = YES;
				GCC_WARN_ABOUT_RETURN_TYPE = YES_ERROR;
				GCC_WARN_UNDECLARED_SELECTOR = YES;
				GCC_WARN_UNINITIALIZED_AUTOS = YES_AGGRESSIVE;
				GCC_WARN_UNUSED_FUNCTION = YES;
				GCC_WARN_UNUSED_VARIABLE = YES;
				IPHONEOS_DEPLOYMENT_TARGET = 14.0;
				MTL_ENABLE_DEBUG_INFO = YES;
				ONLY_ACTIVE_ARCH = YES;
				SDKROOT = iphoneos;
				SWIFT_ACTIVE_COMPILATION_CONDITIONS = DEBUG;
				SWIFT_COMPILATION_MODE = singlefile;
				SWIFT_OPTIMIZATION_LEVEL = "-Onone";
			};
			name = Debug;
		};
		F9FE6ED12042E99400F892DC /* Release */ = {
			isa = XCBuildConfiguration;
			buildSettings = {
				ALWAYS_SEARCH_USER_PATHS = NO;
				CLANG_ANALYZER_NONNULL = YES;
				CLANG_ANALYZER_NUMBER_OBJECT_CONVERSION = YES_AGGRESSIVE;
				CLANG_CXX_LANGUAGE_STANDARD = "gnu++14";
				CLANG_CXX_LIBRARY = "libc++";
				CLANG_ENABLE_MODULES = YES;
				CLANG_ENABLE_OBJC_ARC = YES;
				CLANG_WARN_BLOCK_CAPTURE_AUTORELEASING = YES;
				CLANG_WARN_BOOL_CONVERSION = YES;
				CLANG_WARN_COMMA = YES;
				CLANG_WARN_CONSTANT_CONVERSION = YES;
				CLANG_WARN_DEPRECATED_OBJC_IMPLEMENTATIONS = YES;
				CLANG_WARN_DIRECT_OBJC_ISA_USAGE = YES_ERROR;
				CLANG_WARN_DOCUMENTATION_COMMENTS = YES;
				CLANG_WARN_EMPTY_BODY = YES;
				CLANG_WARN_ENUM_CONVERSION = YES;
				CLANG_WARN_INFINITE_RECURSION = YES;
				CLANG_WARN_INT_CONVERSION = YES;
				CLANG_WARN_NON_LITERAL_NULL_CONVERSION = YES;
				CLANG_WARN_OBJC_IMPLICIT_RETAIN_SELF = YES;
				CLANG_WARN_OBJC_LITERAL_CONVERSION = YES;
				CLANG_WARN_OBJC_ROOT_CLASS = YES_ERROR;
				CLANG_WARN_QUOTED_INCLUDE_IN_FRAMEWORK_HEADER = YES;
				CLANG_WARN_RANGE_LOOP_ANALYSIS = YES;
				CLANG_WARN_STRICT_PROTOTYPES = YES;
				CLANG_WARN_SUSPICIOUS_MOVE = YES;
				CLANG_WARN_UNGUARDED_AVAILABILITY = YES_AGGRESSIVE;
				CLANG_WARN_UNREACHABLE_CODE = YES;
				CLANG_WARN__DUPLICATE_METHOD_MATCH = YES;
				CODE_SIGN_IDENTITY = "iPhone Developer";
				COPY_PHASE_STRIP = NO;
				DEBUG_INFORMATION_FORMAT = "dwarf-with-dsym";
				ENABLE_NS_ASSERTIONS = NO;
				ENABLE_STRICT_OBJC_MSGSEND = YES;
				GCC_C_LANGUAGE_STANDARD = gnu11;
				GCC_NO_COMMON_BLOCKS = YES;
				GCC_WARN_64_TO_32_BIT_CONVERSION = YES;
				GCC_WARN_ABOUT_RETURN_TYPE = YES_ERROR;
				GCC_WARN_UNDECLARED_SELECTOR = YES;
				GCC_WARN_UNINITIALIZED_AUTOS = YES_AGGRESSIVE;
				GCC_WARN_UNUSED_FUNCTION = YES;
				GCC_WARN_UNUSED_VARIABLE = YES;
				IPHONEOS_DEPLOYMENT_TARGET = 14.0;
				MTL_ENABLE_DEBUG_INFO = NO;
				SDKROOT = iphoneos;
				SWIFT_COMPILATION_MODE = wholemodule;
				SWIFT_OPTIMIZATION_LEVEL = "-O";
				VALIDATE_PRODUCT = YES;
			};
			name = Release;
		};
		F9FE6ED32042E99400F892DC /* Debug */ = {
			isa = XCBuildConfiguration;
			baseConfigurationReference = 2F2D36717E9F878425165EFA /* Pods-TresorMockup.debug.xcconfig */;
			buildSettings = {
				ASSETCATALOG_COMPILER_APPICON_NAME = AppIcon;
				CODE_SIGN_ENTITLEMENTS = TresorMockup/TresorMockup.entitlements;
				CODE_SIGN_IDENTITY = "iPhone Developer";
				CODE_SIGN_STYLE = Automatic;
				DEVELOPMENT_TEAM = K7G5AYFTLJ;
				INFOPLIST_FILE = TresorMockup/Info.plist;
				IPHONEOS_DEPLOYMENT_TARGET = 14.0;
				LD_RUNPATH_SEARCH_PATHS = (
					"$(inherited)",
					"@executable_path/Frameworks",
				);
				PRODUCT_BUNDLE_IDENTIFIER = com.gmail.jun1ro1.TresorMockup2;
				PRODUCT_NAME = "$(TARGET_NAME)";
				PROVISIONING_PROFILE = "";
				PROVISIONING_PROFILE_SPECIFIER = "";
				SWIFT_VERSION = 5.0;
				TARGETED_DEVICE_FAMILY = "1,2";
			};
			name = Debug;
		};
		F9FE6ED42042E99400F892DC /* Release */ = {
			isa = XCBuildConfiguration;
			baseConfigurationReference = 793C7C13C8EFCB46B0A22612 /* Pods-TresorMockup.release.xcconfig */;
			buildSettings = {
				ASSETCATALOG_COMPILER_APPICON_NAME = AppIcon;
				CODE_SIGN_ENTITLEMENTS = TresorMockup/TresorMockup.entitlements;
				CODE_SIGN_IDENTITY = "iPhone Developer";
				CODE_SIGN_STYLE = Automatic;
				DEVELOPMENT_TEAM = K7G5AYFTLJ;
				INFOPLIST_FILE = TresorMockup/Info.plist;
				IPHONEOS_DEPLOYMENT_TARGET = 14.0;
				LD_RUNPATH_SEARCH_PATHS = (
					"$(inherited)",
					"@executable_path/Frameworks",
				);
				PRODUCT_BUNDLE_IDENTIFIER = com.gmail.jun1ro1.TresorMockup2;
				PRODUCT_NAME = "$(TARGET_NAME)";
				PROVISIONING_PROFILE_SPECIFIER = "";
				SWIFT_VERSION = 5.0;
				TARGETED_DEVICE_FAMILY = "1,2";
			};
			name = Release;
		};
		F9FE6ED62042E99400F892DC /* Debug */ = {
			isa = XCBuildConfiguration;
			baseConfigurationReference = 3E667FB1AFA1815DE62C50B0 /* Pods-TresorMockupTests.debug.xcconfig */;
			buildSettings = {
				ALWAYS_EMBED_SWIFT_STANDARD_LIBRARIES = YES;
				BUNDLE_LOADER = "$(TEST_HOST)";
				CODE_SIGN_STYLE = Automatic;
				DEVELOPMENT_TEAM = XLW76U7H2R;
				INFOPLIST_FILE = TresorMockupTests/Info.plist;
				LD_RUNPATH_SEARCH_PATHS = (
					"$(inherited)",
					"@executable_path/Frameworks",
					"@loader_path/Frameworks",
				);
				PRODUCT_BUNDLE_IDENTIFIER = com.me.jun1ro1.TresorMockupTests;
				PRODUCT_NAME = "$(TARGET_NAME)";
				SWIFT_VERSION = 5.0;
				TARGETED_DEVICE_FAMILY = "1,2";
				TEST_HOST = "$(BUILT_PRODUCTS_DIR)/TresorMockup.app/TresorMockup";
			};
			name = Debug;
		};
		F9FE6ED72042E99400F892DC /* Release */ = {
			isa = XCBuildConfiguration;
			baseConfigurationReference = E8044FEF4B5528D4F1AD658C /* Pods-TresorMockupTests.release.xcconfig */;
			buildSettings = {
				ALWAYS_EMBED_SWIFT_STANDARD_LIBRARIES = YES;
				BUNDLE_LOADER = "$(TEST_HOST)";
				CODE_SIGN_STYLE = Automatic;
				DEVELOPMENT_TEAM = XLW76U7H2R;
				INFOPLIST_FILE = TresorMockupTests/Info.plist;
				LD_RUNPATH_SEARCH_PATHS = (
					"$(inherited)",
					"@executable_path/Frameworks",
					"@loader_path/Frameworks",
				);
				PRODUCT_BUNDLE_IDENTIFIER = com.me.jun1ro1.TresorMockupTests;
				PRODUCT_NAME = "$(TARGET_NAME)";
				SWIFT_VERSION = 5.0;
				TARGETED_DEVICE_FAMILY = "1,2";
				TEST_HOST = "$(BUILT_PRODUCTS_DIR)/TresorMockup.app/TresorMockup";
			};
			name = Release;
		};
		F9FE6ED92042E99400F892DC /* Debug */ = {
			isa = XCBuildConfiguration;
			baseConfigurationReference = 2E1393681DC1A0EC48AC2C22 /* Pods-TresorMockupUITests.debug.xcconfig */;
			buildSettings = {
				ALWAYS_EMBED_SWIFT_STANDARD_LIBRARIES = YES;
				CODE_SIGN_STYLE = Automatic;
				DEVELOPMENT_TEAM = XLW76U7H2R;
				INFOPLIST_FILE = TresorMockupUITests/Info.plist;
				LD_RUNPATH_SEARCH_PATHS = (
					"$(inherited)",
					"@executable_path/Frameworks",
					"@loader_path/Frameworks",
				);
				PRODUCT_BUNDLE_IDENTIFIER = com.me.jun1ro1.TresorMockupUITests;
				PRODUCT_NAME = "$(TARGET_NAME)";
				SWIFT_VERSION = 5.0;
				TARGETED_DEVICE_FAMILY = "1,2";
				TEST_TARGET_NAME = TresorMockup;
			};
			name = Debug;
		};
		F9FE6EDA2042E99400F892DC /* Release */ = {
			isa = XCBuildConfiguration;
			baseConfigurationReference = 6EE33ADCBDC6860C2AA143E0 /* Pods-TresorMockupUITests.release.xcconfig */;
			buildSettings = {
				ALWAYS_EMBED_SWIFT_STANDARD_LIBRARIES = YES;
				CODE_SIGN_STYLE = Automatic;
				DEVELOPMENT_TEAM = XLW76U7H2R;
				INFOPLIST_FILE = TresorMockupUITests/Info.plist;
				LD_RUNPATH_SEARCH_PATHS = (
					"$(inherited)",
					"@executable_path/Frameworks",
					"@loader_path/Frameworks",
				);
				PRODUCT_BUNDLE_IDENTIFIER = com.me.jun1ro1.TresorMockupUITests;
				PRODUCT_NAME = "$(TARGET_NAME)";
				SWIFT_VERSION = 5.0;
				TARGETED_DEVICE_FAMILY = "1,2";
				TEST_TARGET_NAME = TresorMockup;
			};
			name = Release;
		};
/* End XCBuildConfiguration section */

/* Begin XCConfigurationList section */
		F9FE6EA02042E99300F892DC /* Build configuration list for PBXProject "TresorMockup" */ = {
			isa = XCConfigurationList;
			buildConfigurations = (
				F9FE6ED02042E99400F892DC /* Debug */,
				F9FE6ED12042E99400F892DC /* Release */,
			);
			defaultConfigurationIsVisible = 0;
			defaultConfigurationName = Release;
		};
		F9FE6ED22042E99400F892DC /* Build configuration list for PBXNativeTarget "TresorMockup" */ = {
			isa = XCConfigurationList;
			buildConfigurations = (
				F9FE6ED32042E99400F892DC /* Debug */,
				F9FE6ED42042E99400F892DC /* Release */,
			);
			defaultConfigurationIsVisible = 0;
			defaultConfigurationName = Release;
		};
		F9FE6ED52042E99400F892DC /* Build configuration list for PBXNativeTarget "TresorMockupTests" */ = {
			isa = XCConfigurationList;
			buildConfigurations = (
				F9FE6ED62042E99400F892DC /* Debug */,
				F9FE6ED72042E99400F892DC /* Release */,
			);
			defaultConfigurationIsVisible = 0;
			defaultConfigurationName = Release;
		};
		F9FE6ED82042E99400F892DC /* Build configuration list for PBXNativeTarget "TresorMockupUITests" */ = {
			isa = XCConfigurationList;
			buildConfigurations = (
				F9FE6ED92042E99400F892DC /* Debug */,
				F9FE6EDA2042E99400F892DC /* Release */,
			);
			defaultConfigurationIsVisible = 0;
			defaultConfigurationName = Release;
		};
/* End XCConfigurationList section */

/* Begin XCVersionGroup section */
		F9FE6EAA2042E99300F892DC /* TresorMockup.xcdatamodeld */ = {
			isa = XCVersionGroup;
			children = (
				F9FE6EAB2042E99300F892DC /* TresorMockup.xcdatamodel */,
			);
			currentVersion = F9FE6EAB2042E99300F892DC /* TresorMockup.xcdatamodel */;
			path = TresorMockup.xcdatamodeld;
			sourceTree = "<group>";
			versionGroupType = wrapper.xcdatamodel;
		};
/* End XCVersionGroup section */
	};
	rootObject = F9FE6E9D2042E99300F892DC /* Project object */;
}
